// !$*UTF8*$!
{
	archiveVersion = 1;
	classes = {
	};
	objectVersion = 50;
	objects = {

/* Begin PBXBuildFile section */
		6E1EFCA3218592ED00FB2925 /* AppDelegate.swift in Sources */ = {isa = PBXBuildFile; fileRef = 6E1EFCA2218592ED00FB2925 /* AppDelegate.swift */; };
		6E1EFCA5218592ED00FB2925 /* QuestionViewController.swift in Sources */ = {isa = PBXBuildFile; fileRef = 6E1EFCA4218592ED00FB2925 /* QuestionViewController.swift */; };
		6E1EFCA8218592ED00FB2925 /* Main.storyboard in Resources */ = {isa = PBXBuildFile; fileRef = 6E1EFCA6218592ED00FB2925 /* Main.storyboard */; };
		6E7A65C1218594A300616FD6 /* Question.swift in Sources */ = {isa = PBXBuildFile; fileRef = 6E7A65C0218594A300616FD6 /* Question.swift */; };
		6E7A65C32185950100616FD6 /* QuestionGroup.swift in Sources */ = {isa = PBXBuildFile; fileRef = 6E7A65C22185950100616FD6 /* QuestionGroup.swift */; };
		6E7A65C52185957A00616FD6 /* QuestionGroupData.swift in Sources */ = {isa = PBXBuildFile; fileRef = 6E7A65C42185957A00616FD6 /* QuestionGroupData.swift */; };
		6E7A65C7218595D400616FD6 /* Assets.xcassets in Resources */ = {isa = PBXBuildFile; fileRef = 6E7A65C6218595D400616FD6 /* Assets.xcassets */; };
		6E7A65C92185960500616FD6 /* LaunchScreen.storyboard in Resources */ = {isa = PBXBuildFile; fileRef = 6E7A65C82185960500616FD6 /* LaunchScreen.storyboard */; };
		6E7A65CB2185970900616FD6 /* QuestionView.swift in Sources */ = {isa = PBXBuildFile; fileRef = 6E7A65CA2185970900616FD6 /* QuestionView.swift */; };
/* End PBXBuildFile section */

/* Begin PBXFileReference section */
		6E1EFC9F218592ED00FB2925 /* RabbleWabble.app */ = {isa = PBXFileReference; explicitFileType = wrapper.application; includeInIndex = 0; path = RabbleWabble.app; sourceTree = BUILT_PRODUCTS_DIR; };
		6E1EFCA2218592ED00FB2925 /* AppDelegate.swift */ = {isa = PBXFileReference; lastKnownFileType = sourcecode.swift; path = AppDelegate.swift; sourceTree = "<group>"; };
		6E1EFCA4218592ED00FB2925 /* QuestionViewController.swift */ = {isa = PBXFileReference; lastKnownFileType = sourcecode.swift; path = QuestionViewController.swift; sourceTree = "<group>"; };
		6E1EFCA7218592ED00FB2925 /* Base */ = {isa = PBXFileReference; lastKnownFileType = file.storyboard; name = Base; path = Base.lproj/Main.storyboard; sourceTree = "<group>"; };
		6E1EFCAE218592EF00FB2925 /* Info.plist */ = {isa = PBXFileReference; lastKnownFileType = text.plist.xml; path = Info.plist; sourceTree = "<group>"; };
		6E7A65C0218594A300616FD6 /* Question.swift */ = {isa = PBXFileReference; lastKnownFileType = sourcecode.swift; path = Question.swift; sourceTree = "<group>"; };
		6E7A65C22185950100616FD6 /* QuestionGroup.swift */ = {isa = PBXFileReference; lastKnownFileType = sourcecode.swift; path = QuestionGroup.swift; sourceTree = "<group>"; };
		6E7A65C42185957A00616FD6 /* QuestionGroupData.swift */ = {isa = PBXFileReference; lastKnownFileType = sourcecode.swift; path = QuestionGroupData.swift; sourceTree = "<group>"; };
		6E7A65C6218595D400616FD6 /* Assets.xcassets */ = {isa = PBXFileReference; lastKnownFileType = folder.assetcatalog; path = Assets.xcassets; sourceTree = "<group>"; };
		6E7A65C82185960500616FD6 /* LaunchScreen.storyboard */ = {isa = PBXFileReference; fileEncoding = 4; lastKnownFileType = file.storyboard; path = LaunchScreen.storyboard; sourceTree = "<group>"; };
		6E7A65CA2185970900616FD6 /* QuestionView.swift */ = {isa = PBXFileReference; lastKnownFileType = sourcecode.swift; path = QuestionView.swift; sourceTree = "<group>"; };
/* End PBXFileReference section */

/* Begin PBXFrameworksBuildPhase section */
		6E1EFC9C218592ED00FB2925 /* Frameworks */ = {
			isa = PBXFrameworksBuildPhase;
			buildActionMask = 2147483647;
			files = (
			);
			runOnlyForDeploymentPostprocessing = 0;
		};
/* End PBXFrameworksBuildPhase section */

/* Begin PBXGroup section */
		6E1EFC96218592ED00FB2925 = {
			isa = PBXGroup;
			children = (
				6E1EFCA0218592ED00FB2925 /* Products */,
				6E1EFCA1218592ED00FB2925 /* RabbleWabble */,
			);
			sourceTree = "<group>";
		};
		6E1EFCA0218592ED00FB2925 /* Products */ = {
			isa = PBXGroup;
			children = (
				6E1EFC9F218592ED00FB2925 /* RabbleWabble.app */,
			);
			name = Products;
			sourceTree = "<group>";
		};
		6E1EFCA1218592ED00FB2925 /* RabbleWabble */ = {
			isa = PBXGroup;
			children = (
				6E1EFCB82185939A00FB2925 /* Views */,
				6E1EFCB72185939300FB2925 /* Resources */,
				6E1EFCB62185938C00FB2925 /* Models */,
				6E1EFCB52185937D00FB2925 /* Controllers */,
				6E1EFCB42185934400FB2925 /* AppDelegate */,
			);
			path = RabbleWabble;
			sourceTree = "<group>";
		};
		6E1EFCB42185934400FB2925 /* AppDelegate */ = {
			isa = PBXGroup;
			children = (
				6E1EFCA2218592ED00FB2925 /* AppDelegate.swift */,
			);
			path = AppDelegate;
			sourceTree = "<group>";
		};
		6E1EFCB52185937D00FB2925 /* Controllers */ = {
			isa = PBXGroup;
			children = (
				6E1EFCA4218592ED00FB2925 /* QuestionViewController.swift */,
			);
			path = Controllers;
			sourceTree = "<group>";
		};
		6E1EFCB62185938C00FB2925 /* Models */ = {
			isa = PBXGroup;
			children = (
				6E7A65C0218594A300616FD6 /* Question.swift */,
				6E7A65C22185950100616FD6 /* QuestionGroup.swift */,
				6E7A65C42185957A00616FD6 /* QuestionGroupData.swift */,
			);
			path = Models;
			sourceTree = "<group>";
		};
		6E1EFCB72185939300FB2925 /* Resources */ = {
			isa = PBXGroup;
			children = (
				6E7A65C82185960500616FD6 /* LaunchScreen.storyboard */,
				6E7A65C6218595D400616FD6 /* Assets.xcassets */,
				6E1EFCAE218592EF00FB2925 /* Info.plist */,
			);
			path = Resources;
			sourceTree = "<group>";
		};
		6E1EFCB82185939A00FB2925 /* Views */ = {
			isa = PBXGroup;
			children = (
				6E1EFCA6218592ED00FB2925 /* Main.storyboard */,
				6E7A65CA2185970900616FD6 /* QuestionView.swift */,
			);
			path = Views;
			sourceTree = "<group>";
		};
/* End PBXGroup section */

/* Begin PBXNativeTarget section */
		6E1EFC9E218592ED00FB2925 /* RabbleWabble */ = {
			isa = PBXNativeTarget;
			buildConfigurationList = 6E1EFCB1218592EF00FB2925 /* Build configuration list for PBXNativeTarget "RabbleWabble" */;
			buildPhases = (
				6E1EFC9B218592ED00FB2925 /* Sources */,
				6E1EFC9C218592ED00FB2925 /* Frameworks */,
				6E1EFC9D218592ED00FB2925 /* Resources */,
			);
			buildRules = (
			);
			dependencies = (
			);
			name = RabbleWabble;
			productName = RabbleWabble;
			productReference = 6E1EFC9F218592ED00FB2925 /* RabbleWabble.app */;
			productType = "com.apple.product-type.application";
		};
/* End PBXNativeTarget section */

/* Begin PBXProject section */
		6E1EFC97218592ED00FB2925 /* Project object */ = {
			isa = PBXProject;
			attributes = {
				LastSwiftUpdateCheck = 1000;
				LastUpgradeCheck = 1000;
				ORGANIZATIONNAME = Peter;
				TargetAttributes = {
					6E1EFC9E218592ED00FB2925 = {
						CreatedOnToolsVersion = 10.0;
					};
				};
			};
			buildConfigurationList = 6E1EFC9A218592ED00FB2925 /* Build configuration list for PBXProject "RabbleWabble" */;
			compatibilityVersion = "Xcode 9.3";
			developmentRegion = en;
			hasScannedForEncodings = 0;
			knownRegions = (
				en,
				Base,
			);
			mainGroup = 6E1EFC96218592ED00FB2925;
			productRefGroup = 6E1EFCA0218592ED00FB2925 /* Products */;
			projectDirPath = "";
			projectRoot = "";
			targets = (
				6E1EFC9E218592ED00FB2925 /* RabbleWabble */,
			);
		};
/* End PBXProject section */

/* Begin PBXResourcesBuildPhase section */
		6E1EFC9D218592ED00FB2925 /* Resources */ = {
			isa = PBXResourcesBuildPhase;
			buildActionMask = 2147483647;
			files = (
				6E7A65C92185960500616FD6 /* LaunchScreen.storyboard in Resources */,
				6E7A65C7218595D400616FD6 /* Assets.xcassets in Resources */,
				6E1EFCA8218592ED00FB2925 /* Main.storyboard in Resources */,
			);
			runOnlyForDeploymentPostprocessing = 0;
		};
/* End PBXResourcesBuildPhase section */

/* Begin PBXSourcesBuildPhase section */
		6E1EFC9B218592ED00FB2925 /* Sources */ = {
			isa = PBXSourcesBuildPhase;
			buildActionMask = 2147483647;
			files = (
				6E7A65C1218594A300616FD6 /* Question.swift in Sources */,
				6E1EFCA5218592ED00FB2925 /* QuestionViewController.swift in Sources */,
				6E1EFCA3218592ED00FB2925 /* AppDelegate.swift in Sources */,
				6E7A65C32185950100616FD6 /* QuestionGroup.swift in Sources */,
				6E7A65CB2185970900616FD6 /* QuestionView.swift in Sources */,
				6E7A65C52185957A00616FD6 /* QuestionGroupData.swift in Sources */,
			);
			runOnlyForDeploymentPostprocessing = 0;
		};
/* End PBXSourcesBuildPhase section */

/* Begin PBXVariantGroup section */
		6E1EFCA6218592ED00FB2925 /* Main.storyboard */ = {
			isa = PBXVariantGroup;
			children = (
				6E1EFCA7218592ED00FB2925 /* Base */,
			);
			name = Main.storyboard;
			sourceTree = "<group>";
		};
/* End PBXVariantGroup section */

/* Begin XCBuildConfiguration section */
		6E1EFCAF218592EF00FB2925 /* Debug */ = {
			isa = XCBuildConfiguration;
			buildSettings = {
				ALWAYS_SEARCH_USER_PATHS = NO;
				CLANG_ANALYZER_NONNULL = YES;
				CLANG_ANALYZER_NUMBER_OBJECT_CONVERSION = YES_AGGRESSIVE;
				CLANG_CXX_LANGUAGE_STANDARD = "gnu++14";
				CLANG_CXX_LIBRARY = "libc++";
				CLANG_ENABLE_MODULES = YES;
				CLANG_ENABLE_OBJC_ARC = YES;
				CLANG_ENABLE_OBJC_WEAK = YES;
				CLANG_WARN_BLOCK_CAPTURE_AUTORELEASING = YES;
				CLANG_WARN_BOOL_CONVERSION = YES;
				CLANG_WARN_COMMA = YES;
				CLANG_WARN_CONSTANT_CONVERSION = YES;
				CLANG_WARN_DEPRECATED_OBJC_IMPLEMENTATIONS = YES;
				CLANG_WARN_DIRECT_OBJC_ISA_USAGE = YES_ERROR;
				CLANG_WARN_DOCUMENTATION_COMMENTS = YES;
				CLANG_WARN_EMPTY_BODY = YES;
				CLANG_WARN_ENUM_CONVERSION = YES;
				CLANG_WARN_INFINITE_RECURSION = YES;
				CLANG_WARN_INT_CONVERSION = YES;
				CLANG_WARN_NON_LITERAL_NULL_CONVERSION = YES;
				CLANG_WARN_OBJC_IMPLICIT_RETAIN_SELF = YES;
				CLANG_WARN_OBJC_LITERAL_CONVERSION = YES;
				CLANG_WARN_OBJC_ROOT_CLASS = YES_ERROR;
				CLANG_WARN_RANGE_LOOP_ANALYSIS = YES;
				CLANG_WARN_STRICT_PROTOTYPES = YES;
				CLANG_WARN_SUSPICIOUS_MOVE = YES;
				CLANG_WARN_UNGUARDED_AVAILABILITY = YES_AGGRESSIVE;
				CLANG_WARN_UNREACHABLE_CODE = YES;
				CLANG_WARN__DUPLICATE_METHOD_MATCH = YES;
				CODE_SIGN_IDENTITY = "iPhone Developer";
				COPY_PHASE_STRIP = NO;
				DEBUG_INFORMATION_FORMAT = dwarf;
				ENABLE_STRICT_OBJC_MSGSEND = YES;
				ENABLE_TESTABILITY = YES;
				GCC_C_LANGUAGE_STANDARD = gnu11;
				GCC_DYNAMIC_NO_PIC = NO;
				GCC_NO_COMMON_BLOCKS = YES;
				GCC_OPTIMIZATION_LEVEL = 0;
				GCC_PREPROCESSOR_DEFINITIONS = (
					"DEBUG=1",
					"$(inherited)",
				);
				GCC_WARN_64_TO_32_BIT_CONVERSION = YES;
				GCC_WARN_ABOUT_RETURN_TYPE = YES_ERROR;
				GCC_WARN_UNDECLARED_SELECTOR = YES;
				GCC_WARN_UNINITIALIZED_AUTOS = YES_AGGRESSIVE;
				GCC_WARN_UNUSED_FUNCTION = YES;
				GCC_WARN_UNUSED_VARIABLE = YES;
				IPHONEOS_DEPLOYMENT_TARGET = 12.0;
				MTL_ENABLE_DEBUG_INFO = INCLUDE_SOURCE;
				MTL_FAST_MATH = YES;
				ONLY_ACTIVE_ARCH = YES;
				SDKROOT = iphoneos;
				SWIFT_ACTIVE_COMPILATION_CONDITIONS = DEBUG;
				SWIFT_OPTIMIZATION_LEVEL = "-Onone";
			};
			name = Debug;
		};
		6E1EFCB0218592EF00FB2925 /* Release */ = {
			isa = XCBuildConfiguration;
			buildSettings = {
				ALWAYS_SEARCH_USER_PATHS = NO;
				CLANG_ANALYZER_NONNULL = YES;
				CLANG_ANALYZER_NUMBER_OBJECT_CONVERSION = YES_AGGRESSIVE;
				CLANG_CXX_LANGUAGE_STANDARD = "gnu++14";
				CLANG_CXX_LIBRARY = "libc++";
				CLANG_ENABLE_MODULES = YES;
				CLANG_ENABLE_OBJC_ARC = YES;
				CLANG_ENABLE_OBJC_WEAK = YES;
				CLANG_WARN_BLOCK_CAPTURE_AUTORELEASING = YES;
				CLANG_WARN_BOOL_CONVERSION = YES;
				CLANG_WARN_COMMA = YES;
				CLANG_WARN_CONSTANT_CONVERSION = YES;
				CLANG_WARN_DEPRECATED_OBJC_IMPLEMENTATIONS = YES;
				CLANG_WARN_DIRECT_OBJC_ISA_USAGE = YES_ERROR;
				CLANG_WARN_DOCUMENTATION_COMMENTS = YES;
				CLANG_WARN_EMPTY_BODY = YES;
				CLANG_WARN_ENUM_CONVERSION = YES;
				CLANG_WARN_INFINITE_RECURSION = YES;
				CLANG_WARN_INT_CONVERSION = YES;
				CLANG_WARN_NON_LITERAL_NULL_CONVERSION = YES;
				CLANG_WARN_OBJC_IMPLICIT_RETAIN_SELF = YES;
				CLANG_WARN_OBJC_LITERAL_CONVERSION = YES;
				CLANG_WARN_OBJC_ROOT_CLASS = YES_ERROR;
				CLANG_WARN_RANGE_LOOP_ANALYSIS = YES;
				CLANG_WARN_STRICT_PROTOTYPES = YES;
				CLANG_WARN_SUSPICIOUS_MOVE = YES;
				CLANG_WARN_UNGUARDED_AVAILABILITY = YES_AGGRESSIVE;
				CLANG_WARN_UNREACHABLE_CODE = YES;
				CLANG_WARN__DUPLICATE_METHOD_MATCH = YES;
				CODE_SIGN_IDENTITY = "iPhone Developer";
				COPY_PHASE_STRIP = NO;
				DEBUG_INFORMATION_FORMAT = "dwarf-with-dsym";
				ENABLE_NS_ASSERTIONS = NO;
				ENABLE_STRICT_OBJC_MSGSEND = YES;
				GCC_C_LANGUAGE_STANDARD = gnu11;
				GCC_NO_COMMON_BLOCKS = YES;
				GCC_WARN_64_TO_32_BIT_CONVERSION = YES;
				GCC_WARN_ABOUT_RETURN_TYPE = YES_ERROR;
				GCC_WARN_UNDECLARED_SELECTOR = YES;
				GCC_WARN_UNINITIALIZED_AUTOS = YES_AGGRESSIVE;
				GCC_WARN_UNUSED_FUNCTION = YES;
				GCC_WARN_UNUSED_VARIABLE = YES;
				IPHONEOS_DEPLOYMENT_TARGET = 12.0;
				MTL_ENABLE_DEBUG_INFO = NO;
				MTL_FAST_MATH = YES;
				SDKROOT = iphoneos;
				SWIFT_COMPILATION_MODE = wholemodule;
				SWIFT_OPTIMIZATION_LEVEL = "-O";
				VALIDATE_PRODUCT = YES;
			};
			name = Release;
		};
		6E1EFCB2218592EF00FB2925 /* Debug */ = {
			isa = XCBuildConfiguration;
			buildSettings = {
				ASSETCATALOG_COMPILER_APPICON_NAME = AppIcon;
				CODE_SIGN_STYLE = Automatic;
				DEVELOPMENT_TEAM = 989J8CH29N;
				INFOPLIST_FILE = "$(SRCROOT)/RabbleWabble/Resources/Info.plist";
				LD_RUNPATH_SEARCH_PATHS = (
					"$(inherited)",
					"@executable_path/Frameworks",
				);
				PRODUCT_BUNDLE_IDENTIFIER = microsoft.RabbleWabble;
				PRODUCT_NAME = "$(TARGET_NAME)";
				SWIFT_VERSION = 4.2;
				TARGETED_DEVICE_FAMILY = "1,2";
			};
			name = Debug;
		};
		6E1EFCB3218592EF00FB2925 /* Release */ = {
			isa = XCBuildConfiguration;
			buildSettings = {
				ASSETCATALOG_COMPILER_APPICON_NAME = AppIcon;
				CODE_SIGN_STYLE = Automatic;
				DEVELOPMENT_TEAM = 989J8CH29N;
				INFOPLIST_FILE = "$(SRCROOT)/RabbleWabble/Resources/Info.plist";
				LD_RUNPATH_SEARCH_PATHS = (
					"$(inherited)",
					"@executable_path/Frameworks",
				);
				PRODUCT_BUNDLE_IDENTIFIER = microsoft.RabbleWabble;
				PRODUCT_NAME = "$(TARGET_NAME)";
				SWIFT_VERSION = 4.2;
				TARGETED_DEVICE_FAMILY = "1,2";
			};
			name = Release;
		};
/* End XCBuildConfiguration section */

/* Begin XCConfigurationList section */
		6E1EFC9A218592ED00FB2925 /* Build configuration list for PBXProject "RabbleWabble" */ = {
			isa = XCConfigurationList;
			buildConfigurations = (
				6E1EFCAF218592EF00FB2925 /* Debug */,
				6E1EFCB0218592EF00FB2925 /* Release */,
			);
			defaultConfigurationIsVisible = 0;
			defaultConfigurationName = Release;
		};
		6E1EFCB1218592EF00FB2925 /* Build configuration list for PBXNativeTarget "RabbleWabble" */ = {
			isa = XCConfigurationList;
			buildConfigurations = (
				6E1EFCB2218592EF00FB2925 /* Debug */,
				6E1EFCB3218592EF00FB2925 /* Release */,
			);
			defaultConfigurationIsVisible = 0;
			defaultConfigurationName = Release;
		};
/* End XCConfigurationList section */
	};
	rootObject = 6E1EFC97218592ED00FB2925 /* Project object */;
}
